
Microsoft Visual Studio Solution File, Format Version 12.00
Project("{FAE04EC0-301F-11D3-BF4B-00C04F79EFBC}") = "RoutingSlipTests", "RoutingSlipTests\RoutingSlipTests.csproj", "{BFD48666-691C-4755-9DDE-A4660A0013DC}"
EndProject
Project("{FAE04EC0-301F-11D3-BF4B-00C04F79EFBC}") = "RoutingSlipCore", "RoutingSlipCore\RoutingSlipCore.csproj", "{4C284E23-5F44-45E9-81FA-5CE13EA322C2}"
EndProject
Global
	GlobalSection(SolutionConfigurationPlatforms) = preSolution
		Debug|Any CPU = Debug|Any CPU
		Release|Any CPU = Release|Any CPU
	EndGlobalSection
	GlobalSection(ProjectConfigurationPlatforms) = postSolution
		{BFD48666-691C-4755-9DDE-A4660A0013DC}.Debug|Any CPU.ActiveCfg = Debug|Any CPU
		{BFD48666-691C-4755-9DDE-A4660A0013DC}.Debug|Any CPU.Build.0 = Debug|Any CPU
		{BFD48666-691C-4755-9DDE-A4660A0013DC}.Release|Any CPU.ActiveCfg = Release|Any CPU
		{BFD48666-691C-4755-9DDE-A4660A0013DC}.Release|Any CPU.Build.0 = Release|Any CPU
		{4C284E23-5F44-45E9-81FA-5CE13EA322C2}.Debug|Any CPU.ActiveCfg = Debug|Any CPU
		{4C284E23-5F44-45E9-81FA-5CE13EA322C2}.Debug|Any CPU.Build.0 = Debug|Any CPU
		{4C284E23-5F44-45E9-81FA-5CE13EA322C2}.Release|Any CPU.ActiveCfg = Release|Any CPU
		{4C284E23-5F44-45E9-81FA-5CE13EA322C2}.Release|Any CPU.Build.0 = Release|Any CPU
	EndGlobalSection
EndGlobal
